// !$*UTF8*$!
{
	archiveVersion = 1;
	classes = {
	};
	objectVersion = 46;
	objects = {

/* Begin PBXBuildFile section */
		C62672E81F06CCEE002D7C99 /* AppDelegate.swift in Sources */ = {isa = PBXBuildFile; fileRef = C62672E71F06CCEE002D7C99 /* AppDelegate.swift */; };
		C62672EF1F06CCEE002D7C99 /* Assets.xcassets in Resources */ = {isa = PBXBuildFile; fileRef = C62672EE1F06CCEE002D7C99 /* Assets.xcassets */; };
		C62672FD1F06CCEE002D7C99 /* PlacesLister_v2Tests.swift in Sources */ = {isa = PBXBuildFile; fileRef = C62672FC1F06CCEE002D7C99 /* PlacesLister_v2Tests.swift */; };
		C62673081F06CCEE002D7C99 /* PlacesLister_v2UITests.swift in Sources */ = {isa = PBXBuildFile; fileRef = C62673071F06CCEE002D7C99 /* PlacesLister_v2UITests.swift */; };
		C62673181F06CD85002D7C99 /* LaunchScreen.storyboard in Resources */ = {isa = PBXBuildFile; fileRef = C62673161F06CD85002D7C99 /* LaunchScreen.storyboard */; };
		C62673191F06CD85002D7C99 /* LaunchScreen.storyboard in Resources */ = {isa = PBXBuildFile; fileRef = C62673161F06CD85002D7C99 /* LaunchScreen.storyboard */; };
		C626731A1F06CD85002D7C99 /* LaunchScreen.storyboard in Resources */ = {isa = PBXBuildFile; fileRef = C62673161F06CD85002D7C99 /* LaunchScreen.storyboard */; };
		C626731B1F06CD85002D7C99 /* Main.storyboard in Resources */ = {isa = PBXBuildFile; fileRef = C62673171F06CD85002D7C99 /* Main.storyboard */; };
		C626731C1F06CD85002D7C99 /* Main.storyboard in Resources */ = {isa = PBXBuildFile; fileRef = C62673171F06CD85002D7C99 /* Main.storyboard */; };
		C626731D1F06CD85002D7C99 /* Main.storyboard in Resources */ = {isa = PBXBuildFile; fileRef = C62673171F06CD85002D7C99 /* Main.storyboard */; };
		C62673201F06CE50002D7C99 /* PlacesViewController.swift in Sources */ = {isa = PBXBuildFile; fileRef = C626731F1F06CE50002D7C99 /* PlacesViewController.swift */; };
		C62673211F06CE50002D7C99 /* PlacesViewController.swift in Sources */ = {isa = PBXBuildFile; fileRef = C626731F1F06CE50002D7C99 /* PlacesViewController.swift */; };
		C62673221F06CE50002D7C99 /* PlacesViewController.swift in Sources */ = {isa = PBXBuildFile; fileRef = C626731F1F06CE50002D7C99 /* PlacesViewController.swift */; };
		C62673251F06CF2A002D7C99 /* LocationService.swift in Sources */ = {isa = PBXBuildFile; fileRef = C62673241F06CF2A002D7C99 /* LocationService.swift */; };
		C62673261F06CF2A002D7C99 /* LocationService.swift in Sources */ = {isa = PBXBuildFile; fileRef = C62673241F06CF2A002D7C99 /* LocationService.swift */; };
		C62673271F06CF2A002D7C99 /* LocationService.swift in Sources */ = {isa = PBXBuildFile; fileRef = C62673241F06CF2A002D7C99 /* LocationService.swift */; };
		C63ACBE91F06DC4800025D6E /* PlaceCell.swift in Sources */ = {isa = PBXBuildFile; fileRef = C63ACBE81F06DC4800025D6E /* PlaceCell.swift */; };
		C63ACBEA1F06DC4800025D6E /* PlaceCell.swift in Sources */ = {isa = PBXBuildFile; fileRef = C63ACBE81F06DC4800025D6E /* PlaceCell.swift */; };
		C63ACBEB1F06DC4800025D6E /* PlaceCell.swift in Sources */ = {isa = PBXBuildFile; fileRef = C63ACBE81F06DC4800025D6E /* PlaceCell.swift */; };
		C63ACBED1F06DD2A00025D6E /* Place.swift in Sources */ = {isa = PBXBuildFile; fileRef = C63ACBEC1F06DD2A00025D6E /* Place.swift */; };
		C63ACBEE1F06DD2A00025D6E /* Place.swift in Sources */ = {isa = PBXBuildFile; fileRef = C63ACBEC1F06DD2A00025D6E /* Place.swift */; };
		C63ACBEF1F06DD2A00025D6E /* Place.swift in Sources */ = {isa = PBXBuildFile; fileRef = C63ACBEC1F06DD2A00025D6E /* Place.swift */; };
		C63ACBF21F06DDA900025D6E /* PlacesApiManager.swift in Sources */ = {isa = PBXBuildFile; fileRef = C63ACBF11F06DDA900025D6E /* PlacesApiManager.swift */; };
		C63ACBF31F06DDA900025D6E /* PlacesApiManager.swift in Sources */ = {isa = PBXBuildFile; fileRef = C63ACBF11F06DDA900025D6E /* PlacesApiManager.swift */; };
		C63ACBF41F06DDA900025D6E /* PlacesApiManager.swift in Sources */ = {isa = PBXBuildFile; fileRef = C63ACBF11F06DDA900025D6E /* PlacesApiManager.swift */; };
		C63ACBF61F06DDE500025D6E /* SwiftyJSON.swift in Sources */ = {isa = PBXBuildFile; fileRef = C63ACBF51F06DDE500025D6E /* SwiftyJSON.swift */; };
		C63ACBF71F06DDE500025D6E /* SwiftyJSON.swift in Sources */ = {isa = PBXBuildFile; fileRef = C63ACBF51F06DDE500025D6E /* SwiftyJSON.swift */; };
		C63ACBF81F06DDE500025D6E /* SwiftyJSON.swift in Sources */ = {isa = PBXBuildFile; fileRef = C63ACBF51F06DDE500025D6E /* SwiftyJSON.swift */; };
		C6EA4B1C1F073CE800CD6494 /* PlacesDataSource.swift in Sources */ = {isa = PBXBuildFile; fileRef = C6EA4B1B1F073CE800CD6494 /* PlacesDataSource.swift */; };
/* End PBXBuildFile section */

/* Begin PBXContainerItemProxy section */
		C62672F91F06CCEE002D7C99 /* PBXContainerItemProxy */ = {
			isa = PBXContainerItemProxy;
			containerPortal = C62672DC1F06CCED002D7C99 /* Project object */;
			proxyType = 1;
			remoteGlobalIDString = C62672E31F06CCEE002D7C99;
			remoteInfo = "PlacesLister v2";
		};
		C62673041F06CCEE002D7C99 /* PBXContainerItemProxy */ = {
			isa = PBXContainerItemProxy;
			containerPortal = C62672DC1F06CCED002D7C99 /* Project object */;
			proxyType = 1;
			remoteGlobalIDString = C62672E31F06CCEE002D7C99;
			remoteInfo = "PlacesLister v2";
		};
/* End PBXContainerItemProxy section */

/* Begin PBXFileReference section */
		C62672E41F06CCEE002D7C99 /* PlacesLister v2.app */ = {isa = PBXFileReference; explicitFileType = wrapper.application; includeInIndex = 0; path = "PlacesLister v2.app"; sourceTree = BUILT_PRODUCTS_DIR; };
		C62672E71F06CCEE002D7C99 /* AppDelegate.swift */ = {isa = PBXFileReference; lastKnownFileType = sourcecode.swift; path = AppDelegate.swift; sourceTree = "<group>"; };
		C62672EE1F06CCEE002D7C99 /* Assets.xcassets */ = {isa = PBXFileReference; lastKnownFileType = folder.assetcatalog; path = Assets.xcassets; sourceTree = "<group>"; };
		C62672F31F06CCEE002D7C99 /* Info.plist */ = {isa = PBXFileReference; lastKnownFileType = text.plist.xml; path = Info.plist; sourceTree = "<group>"; };
		C62672F81F06CCEE002D7C99 /* PlacesLister v2Tests.xctest */ = {isa = PBXFileReference; explicitFileType = wrapper.cfbundle; includeInIndex = 0; path = "PlacesLister v2Tests.xctest"; sourceTree = BUILT_PRODUCTS_DIR; };
		C62672FC1F06CCEE002D7C99 /* PlacesLister_v2Tests.swift */ = {isa = PBXFileReference; lastKnownFileType = sourcecode.swift; path = PlacesLister_v2Tests.swift; sourceTree = "<group>"; };
		C62672FE1F06CCEE002D7C99 /* Info.plist */ = {isa = PBXFileReference; lastKnownFileType = text.plist.xml; path = Info.plist; sourceTree = "<group>"; };
		C62673031F06CCEE002D7C99 /* PlacesLister v2UITests.xctest */ = {isa = PBXFileReference; explicitFileType = wrapper.cfbundle; includeInIndex = 0; path = "PlacesLister v2UITests.xctest"; sourceTree = BUILT_PRODUCTS_DIR; };
		C62673071F06CCEE002D7C99 /* PlacesLister_v2UITests.swift */ = {isa = PBXFileReference; lastKnownFileType = sourcecode.swift; path = PlacesLister_v2UITests.swift; sourceTree = "<group>"; };
		C62673091F06CCEE002D7C99 /* Info.plist */ = {isa = PBXFileReference; lastKnownFileType = text.plist.xml; path = Info.plist; sourceTree = "<group>"; };
		C62673161F06CD85002D7C99 /* LaunchScreen.storyboard */ = {isa = PBXFileReference; fileEncoding = 4; lastKnownFileType = file.storyboard; name = LaunchScreen.storyboard; path = Storyboards/LaunchScreen.storyboard; sourceTree = "<group>"; };
		C62673171F06CD85002D7C99 /* Main.storyboard */ = {isa = PBXFileReference; fileEncoding = 4; lastKnownFileType = file.storyboard; name = Main.storyboard; path = Storyboards/Main.storyboard; sourceTree = "<group>"; };
		C626731F1F06CE50002D7C99 /* PlacesViewController.swift */ = {isa = PBXFileReference; fileEncoding = 4; lastKnownFileType = sourcecode.swift; name = PlacesViewController.swift; path = Controllers/PlacesViewController.swift; sourceTree = "<group>"; };
		C62673241F06CF2A002D7C99 /* LocationService.swift */ = {isa = PBXFileReference; fileEncoding = 4; lastKnownFileType = sourcecode.swift; name = LocationService.swift; path = Helpers/LocationService.swift; sourceTree = "<group>"; };
		C63ACBE81F06DC4800025D6E /* PlaceCell.swift */ = {isa = PBXFileReference; fileEncoding = 4; lastKnownFileType = sourcecode.swift; name = PlaceCell.swift; path = Controllers/PlaceCell.swift; sourceTree = "<group>"; };
		C63ACBEC1F06DD2A00025D6E /* Place.swift */ = {isa = PBXFileReference; fileEncoding = 4; lastKnownFileType = sourcecode.swift; name = Place.swift; path = Helpers/Place.swift; sourceTree = "<group>"; };
		C63ACBF11F06DDA900025D6E /* PlacesApiManager.swift */ = {isa = PBXFileReference; fileEncoding = 4; lastKnownFileType = sourcecode.swift; name = PlacesApiManager.swift; path = Networking/PlacesApiManager.swift; sourceTree = "<group>"; };
		C63ACBF51F06DDE500025D6E /* SwiftyJSON.swift */ = {isa = PBXFileReference; fileEncoding = 4; lastKnownFileType = sourcecode.swift; name = SwiftyJSON.swift; path = Helpers/SwiftyJSON.swift; sourceTree = "<group>"; };
		C6EA4B1B1F073CE800CD6494 /* PlacesDataSource.swift */ = {isa = PBXFileReference; fileEncoding = 4; lastKnownFileType = sourcecode.swift; name = PlacesDataSource.swift; path = Controllers/PlacesDataSource.swift; sourceTree = "<group>"; };
/* End PBXFileReference section */

/* Begin PBXFrameworksBuildPhase section */
		C62672E11F06CCEE002D7C99 /* Frameworks */ = {
			isa = PBXFrameworksBuildPhase;
			buildActionMask = 2147483647;
			files = (
			);
			runOnlyForDeploymentPostprocessing = 0;
		};
		C62672F51F06CCEE002D7C99 /* Frameworks */ = {
			isa = PBXFrameworksBuildPhase;
			buildActionMask = 2147483647;
			files = (
			);
			runOnlyForDeploymentPostprocessing = 0;
		};
		C62673001F06CCEE002D7C99 /* Frameworks */ = {
			isa = PBXFrameworksBuildPhase;
			buildActionMask = 2147483647;
			files = (
			);
			runOnlyForDeploymentPostprocessing = 0;
		};
/* End PBXFrameworksBuildPhase section */

/* Begin PBXGroup section */
		C62672DB1F06CCED002D7C99 = {
			isa = PBXGroup;
			children = (
				C62672E61F06CCEE002D7C99 /* PlacesLister v2 */,
				C62672FB1F06CCEE002D7C99 /* PlacesLister v2Tests */,
				C62673061F06CCEE002D7C99 /* PlacesLister v2UITests */,
				C62672E51F06CCEE002D7C99 /* Products */,
			);
			sourceTree = "<group>";
		};
		C62672E51F06CCEE002D7C99 /* Products */ = {
			isa = PBXGroup;
			children = (
				C62672E41F06CCEE002D7C99 /* PlacesLister v2.app */,
				C62672F81F06CCEE002D7C99 /* PlacesLister v2Tests.xctest */,
				C62673031F06CCEE002D7C99 /* PlacesLister v2UITests.xctest */,
			);
			name = Products;
			sourceTree = "<group>";
		};
		C62672E61F06CCEE002D7C99 /* PlacesLister v2 */ = {
			isa = PBXGroup;
			children = (
				C62672E71F06CCEE002D7C99 /* AppDelegate.swift */,
				C626731E1F06CE2D002D7C99 /* Controllers */,
				C62673151F06CD43002D7C99 /* Storyboards */,
				C63ACBF01F06DD7E00025D6E /* Networking */,
				C62673231F06CE75002D7C99 /* Helpers */,
				C62672EE1F06CCEE002D7C99 /* Assets.xcassets */,
				C62672F31F06CCEE002D7C99 /* Info.plist */,
			);
			path = "PlacesLister v2";
			sourceTree = "<group>";
		};
		C62672FB1F06CCEE002D7C99 /* PlacesLister v2Tests */ = {
			isa = PBXGroup;
			children = (
				C62672FC1F06CCEE002D7C99 /* PlacesLister_v2Tests.swift */,
				C62672FE1F06CCEE002D7C99 /* Info.plist */,
			);
			path = "PlacesLister v2Tests";
			sourceTree = "<group>";
		};
		C62673061F06CCEE002D7C99 /* PlacesLister v2UITests */ = {
			isa = PBXGroup;
			children = (
				C62673071F06CCEE002D7C99 /* PlacesLister_v2UITests.swift */,
				C62673091F06CCEE002D7C99 /* Info.plist */,
			);
			path = "PlacesLister v2UITests";
			sourceTree = "<group>";
		};
		C62673151F06CD43002D7C99 /* Storyboards */ = {
			isa = PBXGroup;
			children = (
				C62673161F06CD85002D7C99 /* LaunchScreen.storyboard */,
				C62673171F06CD85002D7C99 /* Main.storyboard */,
			);
			name = Storyboards;
			sourceTree = "<group>";
		};
		C626731E1F06CE2D002D7C99 /* Controllers */ = {
			isa = PBXGroup;
			children = (
				C626731F1F06CE50002D7C99 /* PlacesViewController.swift */,
				C6EA4B1B1F073CE800CD6494 /* PlacesDataSource.swift */,
				C63ACBE81F06DC4800025D6E /* PlaceCell.swift */,
			);
			name = Controllers;
			sourceTree = "<group>";
		};
		C62673231F06CE75002D7C99 /* Helpers */ = {
			isa = PBXGroup;
			children = (
				C63ACBEC1F06DD2A00025D6E /* Place.swift */,
				C62673241F06CF2A002D7C99 /* LocationService.swift */,
				C63ACBF51F06DDE500025D6E /* SwiftyJSON.swift */,
			);
			name = Helpers;
			sourceTree = "<group>";
		};
		C63ACBF01F06DD7E00025D6E /* Networking */ = {
			isa = PBXGroup;
			children = (
				C63ACBF11F06DDA900025D6E /* PlacesApiManager.swift */,
			);
			name = Networking;
			sourceTree = "<group>";
		};
/* End PBXGroup section */

/* Begin PBXNativeTarget section */
		C62672E31F06CCEE002D7C99 /* PlacesLister v2 */ = {
			isa = PBXNativeTarget;
			buildConfigurationList = C626730C1F06CCEE002D7C99 /* Build configuration list for PBXNativeTarget "PlacesLister v2" */;
			buildPhases = (
				C62672E01F06CCEE002D7C99 /* Sources */,
				C62672E11F06CCEE002D7C99 /* Frameworks */,
				C62672E21F06CCEE002D7C99 /* Resources */,
			);
			buildRules = (
			);
			dependencies = (
			);
			name = "PlacesLister v2";
			productName = "PlacesLister v2";
			productReference = C62672E41F06CCEE002D7C99 /* PlacesLister v2.app */;
			productType = "com.apple.product-type.application";
		};
		C62672F71F06CCEE002D7C99 /* PlacesLister v2Tests */ = {
			isa = PBXNativeTarget;
			buildConfigurationList = C626730F1F06CCEE002D7C99 /* Build configuration list for PBXNativeTarget "PlacesLister v2Tests" */;
			buildPhases = (
				C62672F41F06CCEE002D7C99 /* Sources */,
				C62672F51F06CCEE002D7C99 /* Frameworks */,
				C62672F61F06CCEE002D7C99 /* Resources */,
			);
			buildRules = (
			);
			dependencies = (
				C62672FA1F06CCEE002D7C99 /* PBXTargetDependency */,
			);
			name = "PlacesLister v2Tests";
			productName = "PlacesLister v2Tests";
			productReference = C62672F81F06CCEE002D7C99 /* PlacesLister v2Tests.xctest */;
			productType = "com.apple.product-type.bundle.unit-test";
		};
		C62673021F06CCEE002D7C99 /* PlacesLister v2UITests */ = {
			isa = PBXNativeTarget;
			buildConfigurationList = C62673121F06CCEE002D7C99 /* Build configuration list for PBXNativeTarget "PlacesLister v2UITests" */;
			buildPhases = (
				C62672FF1F06CCEE002D7C99 /* Sources */,
				C62673001F06CCEE002D7C99 /* Frameworks */,
				C62673011F06CCEE002D7C99 /* Resources */,
			);
			buildRules = (
			);
			dependencies = (
				C62673051F06CCEE002D7C99 /* PBXTargetDependency */,
			);
			name = "PlacesLister v2UITests";
			productName = "PlacesLister v2UITests";
			productReference = C62673031F06CCEE002D7C99 /* PlacesLister v2UITests.xctest */;
			productType = "com.apple.product-type.bundle.ui-testing";
		};
/* End PBXNativeTarget section */

/* Begin PBXProject section */
		C62672DC1F06CCED002D7C99 /* Project object */ = {
			isa = PBXProject;
			attributes = {
				LastSwiftUpdateCheck = 0830;
				LastUpgradeCheck = 0830;
				ORGANIZATIONNAME = "Brendan Ross";
				TargetAttributes = {
					C62672E31F06CCEE002D7C99 = {
						CreatedOnToolsVersion = 8.3.3;
						DevelopmentTeam = Y9NY7QBTZM;
						ProvisioningStyle = Automatic;
					};
					C62672F71F06CCEE002D7C99 = {
						CreatedOnToolsVersion = 8.3.3;
						DevelopmentTeam = Y9NY7QBTZM;
						ProvisioningStyle = Automatic;
						TestTargetID = C62672E31F06CCEE002D7C99;
					};
					C62673021F06CCEE002D7C99 = {
						CreatedOnToolsVersion = 8.3.3;
						DevelopmentTeam = Y9NY7QBTZM;
						ProvisioningStyle = Automatic;
						TestTargetID = C62672E31F06CCEE002D7C99;
					};
				};
			};
			buildConfigurationList = C62672DF1F06CCED002D7C99 /* Build configuration list for PBXProject "PlacesLister v2" */;
			compatibilityVersion = "Xcode 3.2";
			developmentRegion = English;
			hasScannedForEncodings = 0;
			knownRegions = (
				en,
				Base,
			);
			mainGroup = C62672DB1F06CCED002D7C99;
			productRefGroup = C62672E51F06CCEE002D7C99 /* Products */;
			projectDirPath = "";
			projectRoot = "";
			targets = (
				C62672E31F06CCEE002D7C99 /* PlacesLister v2 */,
				C62672F71F06CCEE002D7C99 /* PlacesLister v2Tests */,
				C62673021F06CCEE002D7C99 /* PlacesLister v2UITests */,
			);
		};
/* End PBXProject section */

/* Begin PBXResourcesBuildPhase section */
		C62672E21F06CCEE002D7C99 /* Resources */ = {
			isa = PBXResourcesBuildPhase;
			buildActionMask = 2147483647;
			files = (
				C626731B1F06CD85002D7C99 /* Main.storyboard in Resources */,
				C62672EF1F06CCEE002D7C99 /* Assets.xcassets in Resources */,
				C62673181F06CD85002D7C99 /* LaunchScreen.storyboard in Resources */,
			);
			runOnlyForDeploymentPostprocessing = 0;
		};
		C62672F61F06CCEE002D7C99 /* Resources */ = {
			isa = PBXResourcesBuildPhase;
			buildActionMask = 2147483647;
			files = (
				C62673191F06CD85002D7C99 /* LaunchScreen.storyboard in Resources */,
				C626731C1F06CD85002D7C99 /* Main.storyboard in Resources */,
			);
			runOnlyForDeploymentPostprocessing = 0;
		};
		C62673011F06CCEE002D7C99 /* Resources */ = {
			isa = PBXResourcesBuildPhase;
			buildActionMask = 2147483647;
			files = (
				C626731A1F06CD85002D7C99 /* LaunchScreen.storyboard in Resources */,
				C626731D1F06CD85002D7C99 /* Main.storyboard in Resources */,
			);
			runOnlyForDeploymentPostprocessing = 0;
		};
/* End PBXResourcesBuildPhase section */

/* Begin PBXSourcesBuildPhase section */
		C62672E01F06CCEE002D7C99 /* Sources */ = {
			isa = PBXSourcesBuildPhase;
			buildActionMask = 2147483647;
			files = (
				C63ACBF21F06DDA900025D6E /* PlacesApiManager.swift in Sources */,
				C62672E81F06CCEE002D7C99 /* AppDelegate.swift in Sources */,
				C62673201F06CE50002D7C99 /* PlacesViewController.swift in Sources */,
				C62673251F06CF2A002D7C99 /* LocationService.swift in Sources */,
				C6EA4B1C1F073CE800CD6494 /* PlacesDataSource.swift in Sources */,
				C63ACBE91F06DC4800025D6E /* PlaceCell.swift in Sources */,
				C63ACBF61F06DDE500025D6E /* SwiftyJSON.swift in Sources */,
				C63ACBED1F06DD2A00025D6E /* Place.swift in Sources */,
			);
			runOnlyForDeploymentPostprocessing = 0;
		};
		C62672F41F06CCEE002D7C99 /* Sources */ = {
			isa = PBXSourcesBuildPhase;
			buildActionMask = 2147483647;
			files = (
				C63ACBF31F06DDA900025D6E /* PlacesApiManager.swift in Sources */,
				C62672FD1F06CCEE002D7C99 /* PlacesLister_v2Tests.swift in Sources */,
				C62673211F06CE50002D7C99 /* PlacesViewController.swift in Sources */,
				C62673261F06CF2A002D7C99 /* LocationService.swift in Sources */,
				C63ACBEA1F06DC4800025D6E /* PlaceCell.swift in Sources */,
				C63ACBF71F06DDE500025D6E /* SwiftyJSON.swift in Sources */,
				C63ACBEE1F06DD2A00025D6E /* Place.swift in Sources */,
			);
			runOnlyForDeploymentPostprocessing = 0;
		};
		C62672FF1F06CCEE002D7C99 /* Sources */ = {
			isa = PBXSourcesBuildPhase;
			buildActionMask = 2147483647;
			files = (
				C63ACBF41F06DDA900025D6E /* PlacesApiManager.swift in Sources */,
				C62673081F06CCEE002D7C99 /* PlacesLister_v2UITests.swift in Sources */,
				C62673221F06CE50002D7C99 /* PlacesViewController.swift in Sources */,
				C62673271F06CF2A002D7C99 /* LocationService.swift in Sources */,
				C63ACBEB1F06DC4800025D6E /* PlaceCell.swift in Sources */,
				C63ACBF81F06DDE500025D6E /* SwiftyJSON.swift in Sources */,
				C63ACBEF1F06DD2A00025D6E /* Place.swift in Sources */,
			);
			runOnlyForDeploymentPostprocessing = 0;
		};
/* End PBXSourcesBuildPhase section */

/* Begin PBXTargetDependency section */
		C62672FA1F06CCEE002D7C99 /* PBXTargetDependency */ = {
			isa = PBXTargetDependency;
			target = C62672E31F06CCEE002D7C99 /* PlacesLister v2 */;
			targetProxy = C62672F91F06CCEE002D7C99 /* PBXContainerItemProxy */;
		};
		C62673051F06CCEE002D7C99 /* PBXTargetDependency */ = {
			isa = PBXTargetDependency;
			target = C62672E31F06CCEE002D7C99 /* PlacesLister v2 */;
			targetProxy = C62673041F06CCEE002D7C99 /* PBXContainerItemProxy */;
		};
/* End PBXTargetDependency section */

/* Begin XCBuildConfiguration section */
		C626730A1F06CCEE002D7C99 /* Debug */ = {
			isa = XCBuildConfiguration;
			buildSettings = {
				ALWAYS_SEARCH_USER_PATHS = NO;
				CLANG_ANALYZER_NONNULL = YES;
				CLANG_ANALYZER_NUMBER_OBJECT_CONVERSION = YES_AGGRESSIVE;
				CLANG_CXX_LANGUAGE_STANDARD = "gnu++0x";
				CLANG_CXX_LIBRARY = "libc++";
				CLANG_ENABLE_MODULES = YES;
				CLANG_ENABLE_OBJC_ARC = YES;
				CLANG_WARN_BOOL_CONVERSION = YES;
				CLANG_WARN_CONSTANT_CONVERSION = YES;
				CLANG_WARN_DIRECT_OBJC_ISA_USAGE = YES_ERROR;
				CLANG_WARN_DOCUMENTATION_COMMENTS = YES;
				CLANG_WARN_EMPTY_BODY = YES;
				CLANG_WARN_ENUM_CONVERSION = YES;
				CLANG_WARN_INFINITE_RECURSION = YES;
				CLANG_WARN_INT_CONVERSION = YES;
				CLANG_WARN_OBJC_ROOT_CLASS = YES_ERROR;
				CLANG_WARN_SUSPICIOUS_MOVE = YES;
				CLANG_WARN_UNREACHABLE_CODE = YES;
				CLANG_WARN__DUPLICATE_METHOD_MATCH = YES;
				"CODE_SIGN_IDENTITY[sdk=iphoneos*]" = "iPhone Developer";
				COPY_PHASE_STRIP = NO;
				DEBUG_INFORMATION_FORMAT = dwarf;
				ENABLE_STRICT_OBJC_MSGSEND = YES;
				ENABLE_TESTABILITY = YES;
				GCC_C_LANGUAGE_STANDARD = gnu99;
				GCC_DYNAMIC_NO_PIC = NO;
				GCC_NO_COMMON_BLOCKS = YES;
				GCC_OPTIMIZATION_LEVEL = 0;
				GCC_PREPROCESSOR_DEFINITIONS = (
					"DEBUG=1",
					"$(inherited)",
				);
				GCC_WARN_64_TO_32_BIT_CONVERSION = YES;
				GCC_WARN_ABOUT_RETURN_TYPE = YES_ERROR;
				GCC_WARN_UNDECLARED_SELECTOR = YES;
				GCC_WARN_UNINITIALIZED_AUTOS = YES_AGGRESSIVE;
				GCC_WARN_UNUSED_FUNCTION = YES;
				GCC_WARN_UNUSED_VARIABLE = YES;
				IPHONEOS_DEPLOYMENT_TARGET = 10.3;
				MTL_ENABLE_DEBUG_INFO = YES;
				ONLY_ACTIVE_ARCH = YES;
				SDKROOT = iphoneos;
				SWIFT_ACTIVE_COMPILATION_CONDITIONS = DEBUG;
				SWIFT_OPTIMIZATION_LEVEL = "-Onone";
				TARGETED_DEVICE_FAMILY = "1,2";
			};
			name = Debug;
		};
		C626730B1F06CCEE002D7C99 /* Release */ = {
			isa = XCBuildConfiguration;
			buildSettings = {
				ALWAYS_SEARCH_USER_PATHS = NO;
				CLANG_ANALYZER_NONNULL = YES;
				CLANG_ANALYZER_NUMBER_OBJECT_CONVERSION = YES_AGGRESSIVE;
				CLANG_CXX_LANGUAGE_STANDARD = "gnu++0x";
				CLANG_CXX_LIBRARY = "libc++";
				CLANG_ENABLE_MODULES = YES;
				CLANG_ENABLE_OBJC_ARC = YES;
				CLANG_WARN_BOOL_CONVERSION = YES;
				CLANG_WARN_CONSTANT_CONVERSION = YES;
				CLANG_WARN_DIRECT_OBJC_ISA_USAGE = YES_ERROR;
				CLANG_WARN_DOCUMENTATION_COMMENTS = YES;
				CLANG_WARN_EMPTY_BODY = YES;
				CLANG_WARN_ENUM_CONVERSION = YES;
				CLANG_WARN_INFINITE_RECURSION = YES;
				CLANG_WARN_INT_CONVERSION = YES;
				CLANG_WARN_OBJC_ROOT_CLASS = YES_ERROR;
				CLANG_WARN_SUSPICIOUS_MOVE = YES;
				CLANG_WARN_UNREACHABLE_CODE = YES;
				CLANG_WARN__DUPLICATE_METHOD_MATCH = YES;
				"CODE_SIGN_IDENTITY[sdk=iphoneos*]" = "iPhone Developer";
				COPY_PHASE_STRIP = NO;
				DEBUG_INFORMATION_FORMAT = "dwarf-with-dsym";
				ENABLE_NS_ASSERTIONS = NO;
				ENABLE_STRICT_OBJC_MSGSEND = YES;
				GCC_C_LANGUAGE_STANDARD = gnu99;
				GCC_NO_COMMON_BLOCKS = YES;
				GCC_WARN_64_TO_32_BIT_CONVERSION = YES;
				GCC_WARN_ABOUT_RETURN_TYPE = YES_ERROR;
				GCC_WARN_UNDECLARED_SELECTOR = YES;
				GCC_WARN_UNINITIALIZED_AUTOS = YES_AGGRESSIVE;
				GCC_WARN_UNUSED_FUNCTION = YES;
				GCC_WARN_UNUSED_VARIABLE = YES;
				IPHONEOS_DEPLOYMENT_TARGET = 10.3;
				MTL_ENABLE_DEBUG_INFO = NO;
				SDKROOT = iphoneos;
				SWIFT_OPTIMIZATION_LEVEL = "-Owholemodule";
				TARGETED_DEVICE_FAMILY = "1,2";
				VALIDATE_PRODUCT = YES;
			};
			name = Release;
		};
		C626730D1F06CCEE002D7C99 /* Debug */ = {
			isa = XCBuildConfiguration;
			buildSettings = {
				ASSETCATALOG_COMPILER_APPICON_NAME = AppIcon;
				DEVELOPMENT_TEAM = Y9NY7QBTZM;
				INFOPLIST_FILE = "PlacesLister v2/Info.plist";
				LD_RUNPATH_SEARCH_PATHS = "$(inherited) @executable_path/Frameworks";
				PRODUCT_BUNDLE_IDENTIFIER = "com.example.PlacesLister-v2";
				PRODUCT_NAME = "$(TARGET_NAME)";
				SWIFT_VERSION = 3.0;
			};
			name = Debug;
		};
		C626730E1F06CCEE002D7C99 /* Release */ = {
			isa = XCBuildConfiguration;
			buildSettings = {
				ASSETCATALOG_COMPILER_APPICON_NAME = AppIcon;
				DEVELOPMENT_TEAM = Y9NY7QBTZM;
				INFOPLIST_FILE = "PlacesLister v2/Info.plist";
				LD_RUNPATH_SEARCH_PATHS = "$(inherited) @executable_path/Frameworks";
				PRODUCT_BUNDLE_IDENTIFIER = "com.example.PlacesLister-v2";
				PRODUCT_NAME = "$(TARGET_NAME)";
				SWIFT_VERSION = 3.0;
			};
			name = Release;
		};
		C62673101F06CCEE002D7C99 /* Debug */ = {
			isa = XCBuildConfiguration;
			buildSettings = {
				ALWAYS_EMBED_SWIFT_STANDARD_LIBRARIES = YES;
				BUNDLE_LOADER = "$(TEST_HOST)";
				DEVELOPMENT_TEAM = Y9NY7QBTZM;
				INFOPLIST_FILE = "PlacesLister v2Tests/Info.plist";
				LD_RUNPATH_SEARCH_PATHS = "$(inherited) @executable_path/Frameworks @loader_path/Frameworks";
				PRODUCT_BUNDLE_IDENTIFIER = "com.example.PlacesLister-v2Tests";
				PRODUCT_NAME = "$(TARGET_NAME)";
				SWIFT_VERSION = 3.0;
				TEST_HOST = "$(BUILT_PRODUCTS_DIR)/PlacesLister v2.app/PlacesLister v2";
			};
			name = Debug;
		};
		C62673111F06CCEE002D7C99 /* Release */ = {
			isa = XCBuildConfiguration;
			buildSettings = {
				ALWAYS_EMBED_SWIFT_STANDARD_LIBRARIES = YES;
				BUNDLE_LOADER = "$(TEST_HOST)";
				DEVELOPMENT_TEAM = Y9NY7QBTZM;
				INFOPLIST_FILE = "PlacesLister v2Tests/Info.plist";
				LD_RUNPATH_SEARCH_PATHS = "$(inherited) @executable_path/Frameworks @loader_path/Frameworks";
				PRODUCT_BUNDLE_IDENTIFIER = "com.example.PlacesLister-v2Tests";
				PRODUCT_NAME = "$(TARGET_NAME)";
				SWIFT_VERSION = 3.0;
				TEST_HOST = "$(BUILT_PRODUCTS_DIR)/PlacesLister v2.app/PlacesLister v2";
			};
			name = Release;
		};
		C62673131F06CCEE002D7C99 /* Debug */ = {
			isa = XCBuildConfiguration;
			buildSettings = {
				ALWAYS_EMBED_SWIFT_STANDARD_LIBRARIES = YES;
				DEVELOPMENT_TEAM = Y9NY7QBTZM;
				INFOPLIST_FILE = "PlacesLister v2UITests/Info.plist";
				LD_RUNPATH_SEARCH_PATHS = "$(inherited) @executable_path/Frameworks @loader_path/Frameworks";
				PRODUCT_BUNDLE_IDENTIFIER = "com.example.PlacesLister-v2UITests";
				PRODUCT_NAME = "$(TARGET_NAME)";
				SWIFT_VERSION = 3.0;
				TEST_TARGET_NAME = "PlacesLister v2";
			};
			name = Debug;
		};
		C62673141F06CCEE002D7C99 /* Release */ = {
			isa = XCBuildConfiguration;
			buildSettings = {
				ALWAYS_EMBED_SWIFT_STANDARD_LIBRARIES = YES;
				DEVELOPMENT_TEAM = Y9NY7QBTZM;
				INFOPLIST_FILE = "PlacesLister v2UITests/Info.plist";
				LD_RUNPATH_SEARCH_PATHS = "$(inherited) @executable_path/Frameworks @loader_path/Frameworks";
				PRODUCT_BUNDLE_IDENTIFIER = "com.example.PlacesLister-v2UITests";
				PRODUCT_NAME = "$(TARGET_NAME)";
				SWIFT_VERSION = 3.0;
				TEST_TARGET_NAME = "PlacesLister v2";
			};
			name = Release;
		};
/* End XCBuildConfiguration section */

/* Begin XCConfigurationList section */
		C62672DF1F06CCED002D7C99 /* Build configuration list for PBXProject "PlacesLister v2" */ = {
			isa = XCConfigurationList;
			buildConfigurations = (
				C626730A1F06CCEE002D7C99 /* Debug */,
				C626730B1F06CCEE002D7C99 /* Release */,
			);
			defaultConfigurationIsVisible = 0;
			defaultConfigurationName = Release;
		};
		C626730C1F06CCEE002D7C99 /* Build configuration list for PBXNativeTarget "PlacesLister v2" */ = {
			isa = XCConfigurationList;
			buildConfigurations = (
				C626730D1F06CCEE002D7C99 /* Debug */,
				C626730E1F06CCEE002D7C99 /* Release */,
			);
			defaultConfigurationIsVisible = 0;
			defaultConfigurationName = Release;
		};
		C626730F1F06CCEE002D7C99 /* Build configuration list for PBXNativeTarget "PlacesLister v2Tests" */ = {
			isa = XCConfigurationList;
			buildConfigurations = (
				C62673101F06CCEE002D7C99 /* Debug */,
				C62673111F06CCEE002D7C99 /* Release */,
			);
			defaultConfigurationIsVisible = 0;
			defaultConfigurationName = Release;
		};
		C62673121F06CCEE002D7C99 /* Build configuration list for PBXNativeTarget "PlacesLister v2UITests" */ = {
			isa = XCConfigurationList;
			buildConfigurations = (
				C62673131F06CCEE002D7C99 /* Debug */,
				C62673141F06CCEE002D7C99 /* Release */,
			);
			defaultConfigurationIsVisible = 0;
			defaultConfigurationName = Release;
		};
/* End XCConfigurationList section */
	};
	rootObject = C62672DC1F06CCED002D7C99 /* Project object */;
}
