// !$*UTF8*$!
{
	archiveVersion = 1;
	classes = {
	};
	objectVersion = 46;
	objects = {

/* Begin PBXBuildFile section */
		C6B2F7981F074902002F5881 /* AppDelegate.swift in Sources */ = {isa = PBXBuildFile; fileRef = C6B2F7971F074902002F5881 /* AppDelegate.swift */; };
		C6B2F79F1F074902002F5881 /* Assets.xcassets in Resources */ = {isa = PBXBuildFile; fileRef = C6B2F79E1F074902002F5881 /* Assets.xcassets */; };
		C6B2F7AD1F074902002F5881 /* PlacesListerTests.swift in Sources */ = {isa = PBXBuildFile; fileRef = C6B2F7AC1F074902002F5881 /* PlacesListerTests.swift */; };
		C6B2F7B81F074902002F5881 /* PlacesListerUITests.swift in Sources */ = {isa = PBXBuildFile; fileRef = C6B2F7B71F074902002F5881 /* PlacesListerUITests.swift */; };
		C6B2F7CB1F0749A2002F5881 /* LaunchScreen.storyboard in Resources */ = {isa = PBXBuildFile; fileRef = C6B2F7C91F0749A2002F5881 /* LaunchScreen.storyboard */; };
		C6B2F7CC1F0749A2002F5881 /* Main.storyboard in Resources */ = {isa = PBXBuildFile; fileRef = C6B2F7CA1F0749A2002F5881 /* Main.storyboard */; };
		C6B2F7CE1F074A0A002F5881 /* PlacesViewController.swift in Sources */ = {isa = PBXBuildFile; fileRef = C6B2F7CD1F074A0A002F5881 /* PlacesViewController.swift */; };
		C6B2F7D01F074A37002F5881 /* PlacesDataSource.swift in Sources */ = {isa = PBXBuildFile; fileRef = C6B2F7CF1F074A37002F5881 /* PlacesDataSource.swift */; };
		C6B2F7D31F074A50002F5881 /* PlaceCell.swift in Sources */ = {isa = PBXBuildFile; fileRef = C6B2F7D21F074A50002F5881 /* PlaceCell.swift */; };
		C6B2F7D51F074A7D002F5881 /* PlaceService.swift in Sources */ = {isa = PBXBuildFile; fileRef = C6B2F7D41F074A7D002F5881 /* PlaceService.swift */; };
		C6B2F7D91F074ABB002F5881 /* LocationService.swift in Sources */ = {isa = PBXBuildFile; fileRef = C6B2F7D81F074ABB002F5881 /* LocationService.swift */; };
		C6B2F7DC1F074B0C002F5881 /* Place.swift in Sources */ = {isa = PBXBuildFile; fileRef = C6B2F7DB1F074B0C002F5881 /* Place.swift */; };
		C6B2F7E01F074B38002F5881 /* SwiftyJSON.swift in Sources */ = {isa = PBXBuildFile; fileRef = C6B2F7DF1F074B38002F5881 /* SwiftyJSON.swift */; };
/* End PBXBuildFile section */

/* Begin PBXContainerItemProxy section */
		C6B2F7A91F074902002F5881 /* PBXContainerItemProxy */ = {
			isa = PBXContainerItemProxy;
			containerPortal = C6B2F78C1F074902002F5881 /* Project object */;
			proxyType = 1;
			remoteGlobalIDString = C6B2F7931F074902002F5881;
			remoteInfo = PlacesLister;
		};
		C6B2F7B41F074902002F5881 /* PBXContainerItemProxy */ = {
			isa = PBXContainerItemProxy;
			containerPortal = C6B2F78C1F074902002F5881 /* Project object */;
			proxyType = 1;
			remoteGlobalIDString = C6B2F7931F074902002F5881;
			remoteInfo = PlacesLister;
		};
/* End PBXContainerItemProxy section */

/* Begin PBXFileReference section */
		C6B2F7941F074902002F5881 /* PlacesLister.app */ = {isa = PBXFileReference; explicitFileType = wrapper.application; includeInIndex = 0; path = PlacesLister.app; sourceTree = BUILT_PRODUCTS_DIR; };
		C6B2F7971F074902002F5881 /* AppDelegate.swift */ = {isa = PBXFileReference; lastKnownFileType = sourcecode.swift; path = AppDelegate.swift; sourceTree = "<group>"; };
		C6B2F79E1F074902002F5881 /* Assets.xcassets */ = {isa = PBXFileReference; lastKnownFileType = folder.assetcatalog; path = Assets.xcassets; sourceTree = "<group>"; };
		C6B2F7A31F074902002F5881 /* Info.plist */ = {isa = PBXFileReference; lastKnownFileType = text.plist.xml; path = Info.plist; sourceTree = "<group>"; };
		C6B2F7A81F074902002F5881 /* PlacesListerTests.xctest */ = {isa = PBXFileReference; explicitFileType = wrapper.cfbundle; includeInIndex = 0; path = PlacesListerTests.xctest; sourceTree = BUILT_PRODUCTS_DIR; };
		C6B2F7AC1F074902002F5881 /* PlacesListerTests.swift */ = {isa = PBXFileReference; lastKnownFileType = sourcecode.swift; path = PlacesListerTests.swift; sourceTree = "<group>"; };
		C6B2F7AE1F074902002F5881 /* Info.plist */ = {isa = PBXFileReference; lastKnownFileType = text.plist.xml; path = Info.plist; sourceTree = "<group>"; };
		C6B2F7B31F074902002F5881 /* PlacesListerUITests.xctest */ = {isa = PBXFileReference; explicitFileType = wrapper.cfbundle; includeInIndex = 0; path = PlacesListerUITests.xctest; sourceTree = BUILT_PRODUCTS_DIR; };
		C6B2F7B71F074902002F5881 /* PlacesListerUITests.swift */ = {isa = PBXFileReference; lastKnownFileType = sourcecode.swift; path = PlacesListerUITests.swift; sourceTree = "<group>"; };
		C6B2F7B91F074902002F5881 /* Info.plist */ = {isa = PBXFileReference; lastKnownFileType = text.plist.xml; path = Info.plist; sourceTree = "<group>"; };
		C6B2F7C91F0749A2002F5881 /* LaunchScreen.storyboard */ = {isa = PBXFileReference; fileEncoding = 4; lastKnownFileType = file.storyboard; name = LaunchScreen.storyboard; path = Views/LaunchScreen.storyboard; sourceTree = "<group>"; };
		C6B2F7CA1F0749A2002F5881 /* Main.storyboard */ = {isa = PBXFileReference; fileEncoding = 4; lastKnownFileType = file.storyboard; name = Main.storyboard; path = Views/Main.storyboard; sourceTree = "<group>"; };
		C6B2F7CD1F074A0A002F5881 /* PlacesViewController.swift */ = {isa = PBXFileReference; fileEncoding = 4; lastKnownFileType = sourcecode.swift; name = PlacesViewController.swift; path = Controllers/PlacesViewController.swift; sourceTree = "<group>"; };
		C6B2F7CF1F074A37002F5881 /* PlacesDataSource.swift */ = {isa = PBXFileReference; fileEncoding = 4; lastKnownFileType = sourcecode.swift; name = PlacesDataSource.swift; path = Controllers/PlacesDataSource.swift; sourceTree = "<group>"; };
		C6B2F7D21F074A50002F5881 /* PlaceCell.swift */ = {isa = PBXFileReference; fileEncoding = 4; lastKnownFileType = sourcecode.swift; name = PlaceCell.swift; path = Views/Cells/PlaceCell.swift; sourceTree = "<group>"; };
		C6B2F7D41F074A7D002F5881 /* PlaceService.swift */ = {isa = PBXFileReference; fileEncoding = 4; lastKnownFileType = sourcecode.swift; name = PlaceService.swift; path = Services/PlaceService.swift; sourceTree = "<group>"; };
		C6B2F7D81F074ABB002F5881 /* LocationService.swift */ = {isa = PBXFileReference; fileEncoding = 4; lastKnownFileType = sourcecode.swift; name = LocationService.swift; path = Services/LocationService.swift; sourceTree = "<group>"; };
		C6B2F7DB1F074B0C002F5881 /* Place.swift */ = {isa = PBXFileReference; fileEncoding = 4; lastKnownFileType = sourcecode.swift; name = Place.swift; path = Models/Place.swift; sourceTree = "<group>"; };
		C6B2F7DF1F074B38002F5881 /* SwiftyJSON.swift */ = {isa = PBXFileReference; fileEncoding = 4; lastKnownFileType = sourcecode.swift; name = SwiftyJSON.swift; path = Helpers/SwiftyJSON.swift; sourceTree = "<group>"; };
/* End PBXFileReference section */

/* Begin PBXFrameworksBuildPhase section */
		C6B2F7911F074902002F5881 /* Frameworks */ = {
			isa = PBXFrameworksBuildPhase;
			buildActionMask = 2147483647;
			files = (
			);
			runOnlyForDeploymentPostprocessing = 0;
		};
		C6B2F7A51F074902002F5881 /* Frameworks */ = {
			isa = PBXFrameworksBuildPhase;
			buildActionMask = 2147483647;
			files = (
			);
			runOnlyForDeploymentPostprocessing = 0;
		};
		C6B2F7B01F074902002F5881 /* Frameworks */ = {
			isa = PBXFrameworksBuildPhase;
			buildActionMask = 2147483647;
			files = (
			);
			runOnlyForDeploymentPostprocessing = 0;
		};
/* End PBXFrameworksBuildPhase section */

/* Begin PBXGroup section */
		C6B2F78B1F074902002F5881 = {
			isa = PBXGroup;
			children = (
				C6B2F7961F074902002F5881 /* PlacesLister */,
				C6B2F7AB1F074902002F5881 /* PlacesListerTests */,
				C6B2F7B61F074902002F5881 /* PlacesListerUITests */,
				C6B2F7951F074902002F5881 /* Products */,
			);
			sourceTree = "<group>";
		};
		C6B2F7951F074902002F5881 /* Products */ = {
			isa = PBXGroup;
			children = (
				C6B2F7941F074902002F5881 /* PlacesLister.app */,
				C6B2F7A81F074902002F5881 /* PlacesListerTests.xctest */,
				C6B2F7B31F074902002F5881 /* PlacesListerUITests.xctest */,
			);
			name = Products;
			sourceTree = "<group>";
		};
		C6B2F7961F074902002F5881 /* PlacesLister */ = {
			isa = PBXGroup;
			children = (
				C6B2F7971F074902002F5881 /* AppDelegate.swift */,
				C6B2F7C51F074947002F5881 /* Controllers */,
				C6B2F7C61F07494D002F5881 /* Views */,
				C6B2F7C81F074956002F5881 /* Services */,
				C6B2F7DA1F074AE8002F5881 /* Models */,
				C6B2F7C71F074952002F5881 /* Helpers */,
				C6B2F79E1F074902002F5881 /* Assets.xcassets */,
				C6B2F7A31F074902002F5881 /* Info.plist */,
			);
			path = PlacesLister;
			sourceTree = "<group>";
		};
		C6B2F7AB1F074902002F5881 /* PlacesListerTests */ = {
			isa = PBXGroup;
			children = (
				C6B2F7AC1F074902002F5881 /* PlacesListerTests.swift */,
				C6B2F7AE1F074902002F5881 /* Info.plist */,
			);
			path = PlacesListerTests;
			sourceTree = "<group>";
		};
		C6B2F7B61F074902002F5881 /* PlacesListerUITests */ = {
			isa = PBXGroup;
			children = (
				C6B2F7B71F074902002F5881 /* PlacesListerUITests.swift */,
				C6B2F7B91F074902002F5881 /* Info.plist */,
			);
			path = PlacesListerUITests;
			sourceTree = "<group>";
		};
		C6B2F7C51F074947002F5881 /* Controllers */ = {
			isa = PBXGroup;
			children = (
				C6B2F7CD1F074A0A002F5881 /* PlacesViewController.swift */,
				C6B2F7CF1F074A37002F5881 /* PlacesDataSource.swift */,
			);
			name = Controllers;
			sourceTree = "<group>";
		};
		C6B2F7C61F07494D002F5881 /* Views */ = {
			isa = PBXGroup;
			children = (
				C6B2F7D11F074A40002F5881 /* Cells */,
				C6B2F7C91F0749A2002F5881 /* LaunchScreen.storyboard */,
				C6B2F7CA1F0749A2002F5881 /* Main.storyboard */,
			);
			name = Views;
			sourceTree = "<group>";
		};
		C6B2F7C71F074952002F5881 /* Helpers */ = {
			isa = PBXGroup;
			children = (
				C6B2F7DF1F074B38002F5881 /* SwiftyJSON.swift */,
			);
			name = Helpers;
			sourceTree = "<group>";
		};
		C6B2F7C81F074956002F5881 /* Services */ = {
			isa = PBXGroup;
			children = (
				C6B2F7D41F074A7D002F5881 /* PlaceService.swift */,
				C6B2F7D81F074ABB002F5881 /* LocationService.swift */,
			);
			name = Services;
			sourceTree = "<group>";
		};
		C6B2F7D11F074A40002F5881 /* Cells */ = {
			isa = PBXGroup;
			children = (
				C6B2F7D21F074A50002F5881 /* PlaceCell.swift */,
			);
			name = Cells;
			sourceTree = "<group>";
		};
		C6B2F7DA1F074AE8002F5881 /* Models */ = {
			isa = PBXGroup;
			children = (
				C6B2F7DB1F074B0C002F5881 /* Place.swift */,
			);
			name = Models;
			sourceTree = "<group>";
		};
/* End PBXGroup section */

/* Begin PBXNativeTarget section */
		C6B2F7931F074902002F5881 /* PlacesLister */ = {
			isa = PBXNativeTarget;
			buildConfigurationList = C6B2F7BC1F074902002F5881 /* Build configuration list for PBXNativeTarget "PlacesLister" */;
			buildPhases = (
				C6B2F7901F074902002F5881 /* Sources */,
				C6B2F7911F074902002F5881 /* Frameworks */,
				C6B2F7921F074902002F5881 /* Resources */,
			);
			buildRules = (
			);
			dependencies = (
			);
			name = PlacesLister;
			productName = PlacesLister;
			productReference = C6B2F7941F074902002F5881 /* PlacesLister.app */;
			productType = "com.apple.product-type.application";
		};
		C6B2F7A71F074902002F5881 /* PlacesListerTests */ = {
			isa = PBXNativeTarget;
			buildConfigurationList = C6B2F7BF1F074902002F5881 /* Build configuration list for PBXNativeTarget "PlacesListerTests" */;
			buildPhases = (
				C6B2F7A41F074902002F5881 /* Sources */,
				C6B2F7A51F074902002F5881 /* Frameworks */,
				C6B2F7A61F074902002F5881 /* Resources */,
			);
			buildRules = (
			);
			dependencies = (
				C6B2F7AA1F074902002F5881 /* PBXTargetDependency */,
			);
			name = PlacesListerTests;
			productName = PlacesListerTests;
			productReference = C6B2F7A81F074902002F5881 /* PlacesListerTests.xctest */;
			productType = "com.apple.product-type.bundle.unit-test";
		};
		C6B2F7B21F074902002F5881 /* PlacesListerUITests */ = {
			isa = PBXNativeTarget;
			buildConfigurationList = C6B2F7C21F074902002F5881 /* Build configuration list for PBXNativeTarget "PlacesListerUITests" */;
			buildPhases = (
				C6B2F7AF1F074902002F5881 /* Sources */,
				C6B2F7B01F074902002F5881 /* Frameworks */,
				C6B2F7B11F074902002F5881 /* Resources */,
			);
			buildRules = (
			);
			dependencies = (
				C6B2F7B51F074902002F5881 /* PBXTargetDependency */,
			);
			name = PlacesListerUITests;
			productName = PlacesListerUITests;
			productReference = C6B2F7B31F074902002F5881 /* PlacesListerUITests.xctest */;
			productType = "com.apple.product-type.bundle.ui-testing";
		};
/* End PBXNativeTarget section */

/* Begin PBXProject section */
		C6B2F78C1F074902002F5881 /* Project object */ = {
			isa = PBXProject;
			attributes = {
				LastSwiftUpdateCheck = 0830;
				LastUpgradeCheck = 0830;
				ORGANIZATIONNAME = "Brendan Ross";
				TargetAttributes = {
					C6B2F7931F074902002F5881 = {
						CreatedOnToolsVersion = 8.3.3;
						DevelopmentTeam = Y9NY7QBTZM;
						ProvisioningStyle = Automatic;
					};
					C6B2F7A71F074902002F5881 = {
						CreatedOnToolsVersion = 8.3.3;
						DevelopmentTeam = Y9NY7QBTZM;
						ProvisioningStyle = Automatic;
						TestTargetID = C6B2F7931F074902002F5881;
					};
					C6B2F7B21F074902002F5881 = {
						CreatedOnToolsVersion = 8.3.3;
						DevelopmentTeam = Y9NY7QBTZM;
						ProvisioningStyle = Automatic;
						TestTargetID = C6B2F7931F074902002F5881;
					};
				};
			};
			buildConfigurationList = C6B2F78F1F074902002F5881 /* Build configuration list for PBXProject "PlacesLister" */;
			compatibilityVersion = "Xcode 3.2";
			developmentRegion = English;
			hasScannedForEncodings = 0;
			knownRegions = (
				en,
				Base,
			);
			mainGroup = C6B2F78B1F074902002F5881;
			productRefGroup = C6B2F7951F074902002F5881 /* Products */;
			projectDirPath = "";
			projectRoot = "";
			targets = (
				C6B2F7931F074902002F5881 /* PlacesLister */,
				C6B2F7A71F074902002F5881 /* PlacesListerTests */,
				C6B2F7B21F074902002F5881 /* PlacesListerUITests */,
			);
		};
/* End PBXProject section */

/* Begin PBXResourcesBuildPhase section */
		C6B2F7921F074902002F5881 /* Resources */ = {
			isa = PBXResourcesBuildPhase;
			buildActionMask = 2147483647;
			files = (
				C6B2F7CC1F0749A2002F5881 /* Main.storyboard in Resources */,
				C6B2F79F1F074902002F5881 /* Assets.xcassets in Resources */,
				C6B2F7CB1F0749A2002F5881 /* LaunchScreen.storyboard in Resources */,
			);
			runOnlyForDeploymentPostprocessing = 0;
		};
		C6B2F7A61F074902002F5881 /* Resources */ = {
			isa = PBXResourcesBuildPhase;
			buildActionMask = 2147483647;
			files = (
			);
			runOnlyForDeploymentPostprocessing = 0;
		};
		C6B2F7B11F074902002F5881 /* Resources */ = {
			isa = PBXResourcesBuildPhase;
			buildActionMask = 2147483647;
			files = (
			);
			runOnlyForDeploymentPostprocessing = 0;
		};
/* End PBXResourcesBuildPhase section */

/* Begin PBXSourcesBuildPhase section */
		C6B2F7901F074902002F5881 /* Sources */ = {
			isa = PBXSourcesBuildPhase;
			buildActionMask = 2147483647;
			files = (
				C6B2F7CE1F074A0A002F5881 /* PlacesViewController.swift in Sources */,
				C6B2F7D51F074A7D002F5881 /* PlaceService.swift in Sources */,
				C6B2F7D01F074A37002F5881 /* PlacesDataSource.swift in Sources */,
				C6B2F7E01F074B38002F5881 /* SwiftyJSON.swift in Sources */,
				C6B2F7981F074902002F5881 /* AppDelegate.swift in Sources */,
				C6B2F7D91F074ABB002F5881 /* LocationService.swift in Sources */,
				C6B2F7DC1F074B0C002F5881 /* Place.swift in Sources */,
				C6B2F7D31F074A50002F5881 /* PlaceCell.swift in Sources */,
			);
			runOnlyForDeploymentPostprocessing = 0;
		};
		C6B2F7A41F074902002F5881 /* Sources */ = {
			isa = PBXSourcesBuildPhase;
			buildActionMask = 2147483647;
			files = (
				C6B2F7AD1F074902002F5881 /* PlacesListerTests.swift in Sources */,
			);
			runOnlyForDeploymentPostprocessing = 0;
		};
		C6B2F7AF1F074902002F5881 /* Sources */ = {
			isa = PBXSourcesBuildPhase;
			buildActionMask = 2147483647;
			files = (
				C6B2F7B81F074902002F5881 /* PlacesListerUITests.swift in Sources */,
			);
			runOnlyForDeploymentPostprocessing = 0;
		};
/* End PBXSourcesBuildPhase section */

/* Begin PBXTargetDependency section */
		C6B2F7AA1F074902002F5881 /* PBXTargetDependency */ = {
			isa = PBXTargetDependency;
			target = C6B2F7931F074902002F5881 /* PlacesLister */;
			targetProxy = C6B2F7A91F074902002F5881 /* PBXContainerItemProxy */;
		};
		C6B2F7B51F074902002F5881 /* PBXTargetDependency */ = {
			isa = PBXTargetDependency;
			target = C6B2F7931F074902002F5881 /* PlacesLister */;
			targetProxy = C6B2F7B41F074902002F5881 /* PBXContainerItemProxy */;
		};
/* End PBXTargetDependency section */

/* Begin XCBuildConfiguration section */
		C6B2F7BA1F074902002F5881 /* Debug */ = {
			isa = XCBuildConfiguration;
			buildSettings = {
				ALWAYS_SEARCH_USER_PATHS = NO;
				CLANG_ANALYZER_NONNULL = YES;
				CLANG_ANALYZER_NUMBER_OBJECT_CONVERSION = YES_AGGRESSIVE;
				CLANG_CXX_LANGUAGE_STANDARD = "gnu++0x";
				CLANG_CXX_LIBRARY = "libc++";
				CLANG_ENABLE_MODULES = YES;
				CLANG_ENABLE_OBJC_ARC = YES;
				CLANG_WARN_BOOL_CONVERSION = YES;
				CLANG_WARN_CONSTANT_CONVERSION = YES;
				CLANG_WARN_DIRECT_OBJC_ISA_USAGE = YES_ERROR;
				CLANG_WARN_DOCUMENTATION_COMMENTS = YES;
				CLANG_WARN_EMPTY_BODY = YES;
				CLANG_WARN_ENUM_CONVERSION = YES;
				CLANG_WARN_INFINITE_RECURSION = YES;
				CLANG_WARN_INT_CONVERSION = YES;
				CLANG_WARN_OBJC_ROOT_CLASS = YES_ERROR;
				CLANG_WARN_SUSPICIOUS_MOVE = YES;
				CLANG_WARN_UNREACHABLE_CODE = YES;
				CLANG_WARN__DUPLICATE_METHOD_MATCH = YES;
				"CODE_SIGN_IDENTITY[sdk=iphoneos*]" = "iPhone Developer";
				COPY_PHASE_STRIP = NO;
				DEBUG_INFORMATION_FORMAT = dwarf;
				ENABLE_STRICT_OBJC_MSGSEND = YES;
				ENABLE_TESTABILITY = YES;
				GCC_C_LANGUAGE_STANDARD = gnu99;
				GCC_DYNAMIC_NO_PIC = NO;
				GCC_NO_COMMON_BLOCKS = YES;
				GCC_OPTIMIZATION_LEVEL = 0;
				GCC_PREPROCESSOR_DEFINITIONS = (
					"DEBUG=1",
					"$(inherited)",
				);
				GCC_WARN_64_TO_32_BIT_CONVERSION = YES;
				GCC_WARN_ABOUT_RETURN_TYPE = YES_ERROR;
				GCC_WARN_UNDECLARED_SELECTOR = YES;
				GCC_WARN_UNINITIALIZED_AUTOS = YES_AGGRESSIVE;
				GCC_WARN_UNUSED_FUNCTION = YES;
				GCC_WARN_UNUSED_VARIABLE = YES;
				IPHONEOS_DEPLOYMENT_TARGET = 10.3;
				MTL_ENABLE_DEBUG_INFO = YES;
				ONLY_ACTIVE_ARCH = YES;
				SDKROOT = iphoneos;
				SWIFT_ACTIVE_COMPILATION_CONDITIONS = DEBUG;
				SWIFT_OPTIMIZATION_LEVEL = "-Onone";
				TARGETED_DEVICE_FAMILY = "1,2";
			};
			name = Debug;
		};
		C6B2F7BB1F074902002F5881 /* Release */ = {
			isa = XCBuildConfiguration;
			buildSettings = {
				ALWAYS_SEARCH_USER_PATHS = NO;
				CLANG_ANALYZER_NONNULL = YES;
				CLANG_ANALYZER_NUMBER_OBJECT_CONVERSION = YES_AGGRESSIVE;
				CLANG_CXX_LANGUAGE_STANDARD = "gnu++0x";
				CLANG_CXX_LIBRARY = "libc++";
				CLANG_ENABLE_MODULES = YES;
				CLANG_ENABLE_OBJC_ARC = YES;
				CLANG_WARN_BOOL_CONVERSION = YES;
				CLANG_WARN_CONSTANT_CONVERSION = YES;
				CLANG_WARN_DIRECT_OBJC_ISA_USAGE = YES_ERROR;
				CLANG_WARN_DOCUMENTATION_COMMENTS = YES;
				CLANG_WARN_EMPTY_BODY = YES;
				CLANG_WARN_ENUM_CONVERSION = YES;
				CLANG_WARN_INFINITE_RECURSION = YES;
				CLANG_WARN_INT_CONVERSION = YES;
				CLANG_WARN_OBJC_ROOT_CLASS = YES_ERROR;
				CLANG_WARN_SUSPICIOUS_MOVE = YES;
				CLANG_WARN_UNREACHABLE_CODE = YES;
				CLANG_WARN__DUPLICATE_METHOD_MATCH = YES;
				"CODE_SIGN_IDENTITY[sdk=iphoneos*]" = "iPhone Developer";
				COPY_PHASE_STRIP = NO;
				DEBUG_INFORMATION_FORMAT = "dwarf-with-dsym";
				ENABLE_NS_ASSERTIONS = NO;
				ENABLE_STRICT_OBJC_MSGSEND = YES;
				GCC_C_LANGUAGE_STANDARD = gnu99;
				GCC_NO_COMMON_BLOCKS = YES;
				GCC_WARN_64_TO_32_BIT_CONVERSION = YES;
				GCC_WARN_ABOUT_RETURN_TYPE = YES_ERROR;
				GCC_WARN_UNDECLARED_SELECTOR = YES;
				GCC_WARN_UNINITIALIZED_AUTOS = YES_AGGRESSIVE;
				GCC_WARN_UNUSED_FUNCTION = YES;
				GCC_WARN_UNUSED_VARIABLE = YES;
				IPHONEOS_DEPLOYMENT_TARGET = 10.3;
				MTL_ENABLE_DEBUG_INFO = NO;
				SDKROOT = iphoneos;
				SWIFT_OPTIMIZATION_LEVEL = "-Owholemodule";
				TARGETED_DEVICE_FAMILY = "1,2";
				VALIDATE_PRODUCT = YES;
			};
			name = Release;
		};
		C6B2F7BD1F074902002F5881 /* Debug */ = {
			isa = XCBuildConfiguration;
			buildSettings = {
				ASSETCATALOG_COMPILER_APPICON_NAME = AppIcon;
				DEVELOPMENT_TEAM = Y9NY7QBTZM;
				INFOPLIST_FILE = PlacesLister/Info.plist;
				LD_RUNPATH_SEARCH_PATHS = "$(inherited) @executable_path/Frameworks";
				PRODUCT_BUNDLE_IDENTIFIER = com.example.PlacesLister;
				PRODUCT_NAME = "$(TARGET_NAME)";
				SWIFT_VERSION = 3.0;
			};
			name = Debug;
		};
		C6B2F7BE1F074902002F5881 /* Release */ = {
			isa = XCBuildConfiguration;
			buildSettings = {
				ASSETCATALOG_COMPILER_APPICON_NAME = AppIcon;
				DEVELOPMENT_TEAM = Y9NY7QBTZM;
				INFOPLIST_FILE = PlacesLister/Info.plist;
				LD_RUNPATH_SEARCH_PATHS = "$(inherited) @executable_path/Frameworks";
				PRODUCT_BUNDLE_IDENTIFIER = com.example.PlacesLister;
				PRODUCT_NAME = "$(TARGET_NAME)";
				SWIFT_VERSION = 3.0;
			};
			name = Release;
		};
		C6B2F7C01F074902002F5881 /* Debug */ = {
			isa = XCBuildConfiguration;
			buildSettings = {
				ALWAYS_EMBED_SWIFT_STANDARD_LIBRARIES = YES;
				BUNDLE_LOADER = "$(TEST_HOST)";
				DEVELOPMENT_TEAM = Y9NY7QBTZM;
				INFOPLIST_FILE = PlacesListerTests/Info.plist;
				LD_RUNPATH_SEARCH_PATHS = "$(inherited) @executable_path/Frameworks @loader_path/Frameworks";
				PRODUCT_BUNDLE_IDENTIFIER = com.example.PlacesListerTests;
				PRODUCT_NAME = "$(TARGET_NAME)";
				SWIFT_VERSION = 3.0;
				TEST_HOST = "$(BUILT_PRODUCTS_DIR)/PlacesLister.app/PlacesLister";
			};
			name = Debug;
		};
		C6B2F7C11F074902002F5881 /* Release */ = {
			isa = XCBuildConfiguration;
			buildSettings = {
				ALWAYS_EMBED_SWIFT_STANDARD_LIBRARIES = YES;
				BUNDLE_LOADER = "$(TEST_HOST)";
				DEVELOPMENT_TEAM = Y9NY7QBTZM;
				INFOPLIST_FILE = PlacesListerTests/Info.plist;
				LD_RUNPATH_SEARCH_PATHS = "$(inherited) @executable_path/Frameworks @loader_path/Frameworks";
				PRODUCT_BUNDLE_IDENTIFIER = com.example.PlacesListerTests;
				PRODUCT_NAME = "$(TARGET_NAME)";
				SWIFT_VERSION = 3.0;
				TEST_HOST = "$(BUILT_PRODUCTS_DIR)/PlacesLister.app/PlacesLister";
			};
			name = Release;
		};
		C6B2F7C31F074902002F5881 /* Debug */ = {
			isa = XCBuildConfiguration;
			buildSettings = {
				ALWAYS_EMBED_SWIFT_STANDARD_LIBRARIES = YES;
				DEVELOPMENT_TEAM = Y9NY7QBTZM;
				INFOPLIST_FILE = PlacesListerUITests/Info.plist;
				LD_RUNPATH_SEARCH_PATHS = "$(inherited) @executable_path/Frameworks @loader_path/Frameworks";
				PRODUCT_BUNDLE_IDENTIFIER = com.example.PlacesListerUITests;
				PRODUCT_NAME = "$(TARGET_NAME)";
				SWIFT_VERSION = 3.0;
				TEST_TARGET_NAME = PlacesLister;
			};
			name = Debug;
		};
		C6B2F7C41F074902002F5881 /* Release */ = {
			isa = XCBuildConfiguration;
			buildSettings = {
				ALWAYS_EMBED_SWIFT_STANDARD_LIBRARIES = YES;
				DEVELOPMENT_TEAM = Y9NY7QBTZM;
				INFOPLIST_FILE = PlacesListerUITests/Info.plist;
				LD_RUNPATH_SEARCH_PATHS = "$(inherited) @executable_path/Frameworks @loader_path/Frameworks";
				PRODUCT_BUNDLE_IDENTIFIER = com.example.PlacesListerUITests;
				PRODUCT_NAME = "$(TARGET_NAME)";
				SWIFT_VERSION = 3.0;
				TEST_TARGET_NAME = PlacesLister;
			};
			name = Release;
		};
/* End XCBuildConfiguration section */

/* Begin XCConfigurationList section */
		C6B2F78F1F074902002F5881 /* Build configuration list for PBXProject "PlacesLister" */ = {
			isa = XCConfigurationList;
			buildConfigurations = (
				C6B2F7BA1F074902002F5881 /* Debug */,
				C6B2F7BB1F074902002F5881 /* Release */,
			);
			defaultConfigurationIsVisible = 0;
			defaultConfigurationName = Release;
		};
		C6B2F7BC1F074902002F5881 /* Build configuration list for PBXNativeTarget "PlacesLister" */ = {
			isa = XCConfigurationList;
			buildConfigurations = (
				C6B2F7BD1F074902002F5881 /* Debug */,
				C6B2F7BE1F074902002F5881 /* Release */,
			);
			defaultConfigurationIsVisible = 0;
		};
		C6B2F7BF1F074902002F5881 /* Build configuration list for PBXNativeTarget "PlacesListerTests" */ = {
			isa = XCConfigurationList;
			buildConfigurations = (
				C6B2F7C01F074902002F5881 /* Debug */,
				C6B2F7C11F074902002F5881 /* Release */,
			);
			defaultConfigurationIsVisible = 0;
		};
		C6B2F7C21F074902002F5881 /* Build configuration list for PBXNativeTarget "PlacesListerUITests" */ = {
			isa = XCConfigurationList;
			buildConfigurations = (
				C6B2F7C31F074902002F5881 /* Debug */,
				C6B2F7C41F074902002F5881 /* Release */,
			);
			defaultConfigurationIsVisible = 0;
		};
/* End XCConfigurationList section */
	};
	rootObject = C6B2F78C1F074902002F5881 /* Project object */;
}
